# This file is automatically @generated by Cargo.
# It is not intended for manual editing.
version = 4

[[package]]
name = "dql-cli"
version = "0.6.4-dev12"
dependencies = [
 "dql-engine",
]

[[package]]
name = "dql-engine"
version = "0.6.4-dev12"
dependencies = [
 "dql-parser",
]

[[package]]
name = "dql-expr"
version = "0.6.4-dev12"
dependencies = [
 "dql-parser",
]

[[package]]
name = "dql-models"
version = "0.6.4-dev12"
dependencies = [
 "dql-parser",
]

[[package]]
name = "dql-parser"
version = "0.6.4-dev12"
